
Microsoft Visual Studio Solution File, Format Version 12.00
# Visual Studio Version 17
VisualStudioVersion = 17.7.34031.279
MinimumVisualStudioVersion = 10.0.40219.1
Project("{FAE04EC0-301F-11D3-BF4B-00C04F79EFBC}") = "ActronCodingChallange", "ActronCodingChallange\ActronCodingChallange.csproj", "{F389CFDE-CD51-4060-AA3D-663341A26A7F}"
EndProject
Project("{FAE04EC0-301F-11D3-BF4B-00C04F79EFBC}") = "ActronCodingChallangeTests", "ActronCodingChallangeTests\ActronCodingChallangeTests.csproj", "{9FF69AB5-5CB6-49E5-981D-D9FE6F696827}"
EndProject
Global
	GlobalSection(SolutionConfigurationPlatforms) = preSolution
		Debug|Any CPU = Debug|Any CPU
		Release|Any CPU = Release|Any CPU
	EndGlobalSection
	GlobalSection(ProjectConfigurationPlatforms) = postSolution
		{F389CFDE-CD51-4060-AA3D-663341A26A7F}.Debug|Any CPU.ActiveCfg = Debug|Any CPU
		{F389CFDE-CD51-4060-AA3D-663341A26A7F}.Debug|Any CPU.Build.0 = Debug|Any CPU
		{F389CFDE-CD51-4060-AA3D-663341A26A7F}.Release|Any CPU.ActiveCfg = Release|Any CPU
		{F389CFDE-CD51-4060-AA3D-663341A26A7F}.Release|Any CPU.Build.0 = Release|Any CPU
		{9FF69AB5-5CB6-49E5-981D-D9FE6F696827}.Debug|Any CPU.ActiveCfg = Debug|Any CPU
		{9FF69AB5-5CB6-49E5-981D-D9FE6F696827}.Debug|Any CPU.Build.0 = Debug|Any CPU
		{9FF69AB5-5CB6-49E5-981D-D9FE6F696827}.Release|Any CPU.ActiveCfg = Release|Any CPU
		{9FF69AB5-5CB6-49E5-981D-D9FE6F696827}.Release|Any CPU.Build.0 = Release|Any CPU
	EndGlobalSection
	GlobalSection(SolutionProperties) = preSolution
		HideSolutionNode = FALSE
	EndGlobalSection
	GlobalSection(ExtensibilityGlobals) = postSolution
		SolutionGuid = {0504FF12-A422-421B-935D-7658691499D2}
	EndGlobalSection
EndGlobal
